<?xml version="1.0" encoding="utf-8"?>
<Project ToolsVersion="17.0" xmlns="http://schemas.microsoft.com/developer/msbuild/2003">
  <ItemGroup>
    <ClCompile Include="D:\xudunke\navigation\recastnavigation-main\recastnavigation\Tests\Detour\Tests_Detour.cpp">
      <Filter>Source Files</Filter>
    </ClCompile>
    <ClCompile Include="D:\xudunke\navigation\recastnavigation-main\recastnavigation\Tests\Recast\Bench_rcVector.cpp">
      <Filter>Source Files</Filter>
    </ClCompile>
    <ClCompile Include="D:\xudunke\navigation\recastnavigation-main\recastnavigation\Tests\Recast\Tests_Alloc.cpp">
      <Filter>Source Files</Filter>
    </ClCompile>
    <ClCompile Include="D:\xudunke\navigation\recastnavigation-main\recastnavigation\Tests\Recast\Tests_Recast.cpp">
      <Filter>Source Files</Filter>
    </ClCompile>
    <ClCompile Include="D:\xudunke\navigation\recastnavigation-main\recastnavigation\Tests\Recast\Tests_RecastFilter.cpp">
      <Filter>Source Files</Filter>
    </ClCompile>
    <ClCompile Include="D:\xudunke\navigation\recastnavigation-main\recastnavigation\Tests\DetourCrowd\Tests_DetourPathCorridor.cpp">
      <Filter>Source Files</Filter>
    </ClCompile>
    <ClCompile Include="D:\xudunke\navigation\recastnavigation-main\recastnavigation\Tests\Contrib\catch2\catch_amalgamated.cpp">
      <Filter>Source Files</Filter>
    </ClCompile>
  </ItemGroup>
  <ItemGroup>
    <CustomBuild Include="D:\xudunke\navigation\recastnavigation-main\recastnavigation\Tests\CMakeLists.txt" />
  </ItemGroup>
  <ItemGroup>
    <Filter Include="Source Files">
      <UniqueIdentifier>{5DE9E422-21A1-3D1C-8FD1-227CFF39A7A2}</UniqueIdentifier>
    </Filter>
  </ItemGroup>
</Project>
