<?xml version="1.0" encoding="utf-8"?>
<Project ToolsVersion="4.0" xmlns="http://schemas.microsoft.com/developer/msbuild/2003">
  <ItemGroup>
    <ClCompile Include="MapConfig.cpp" />
    <ClCompile Include="CopyConfig.cpp" />
    <ClCompile Include="ParamConfig.cpp" />
    <ClCompile Include="TeamConfig.cpp" />
    <ClCompile Include="RobotConfig.cpp" />
    <ClCompile Include="MatchConfig.cpp" />
    <ClCompile Include="MonsterConfig.cpp" />
    <ClCompile Include="NpcConfig.cpp" />
    <ClCompile Include="SkillConfig.cpp" />
  </ItemGroup>
  <ItemGroup>
    <ClInclude Include="MapConfig.h" />
    <ClInclude Include="CopyConfig.h" />
    <ClInclude Include="ParamConfig.h" />
    <ClInclude Include="TeamConfig.h" />
    <ClInclude Include="RobotConfig.h" />
    <ClInclude Include="MatchConfig.h" />
    <ClInclude Include="MonsterConfig.h" />
    <ClInclude Include="NpcConfig.h" />
    <ClInclude Include="SkillConfig.h" />
  </ItemGroup>
</Project>