<?xml version="1.0" encoding="utf-8"?>
<Project ToolsVersion="4.0" xmlns="http://schemas.microsoft.com/developer/msbuild/2003">
  <ItemGroup>
    <ClCompile Include="chatcommon.pb.cc" />
    <ClCompile Include="common.pb.cc" />
    <ClCompile Include="fight3v3common.pb.cc" />
    <ClCompile Include="fight5v5common.pb.cc" />
    <ClCompile Include="friendcommon.pb.cc" />
    <ClCompile Include="friendsvr.pb.cc" />
    <ClCompile Include="friend.pb.cc" />
    <ClCompile Include="innercommon.pb.cc" />
    <ClCompile Include="innerfriend.pb.cc" />
    <ClCompile Include="itemcommon.pb.cc" />
    <ClCompile Include="map_cfg.pb.cc" />
    <ClCompile Include="msg_module_ranker.pb.cc" />
    <ClCompile Include="record.pb.cc" />
    <ClCompile Include="recordfriend.pb.cc" />
    <ClCompile Include="scenesvr.pb.cc" />
    <ClCompile Include="teamsvr.pb.cc" />
    <ClCompile Include="teamcommon.pb.cc" />
    <ClCompile Include="innerteam.pb.cc" />
    <ClCompile Include="errorcode.pb.cc" />
    <ClCompile Include="innermatch.pb.cc" />
    <ClCompile Include="match.pb.cc" />
    <ClCompile Include="matchcommon.pb.cc" />
    <ClCompile Include="matchsvr.pb.cc" />
    <ClCompile Include="scene.pb.cc" />
    <ClCompile Include="scenecommon.pb.cc" />
    <ClCompile Include="innerserver.pb.cc" />
    <ClCompile Include="login.pb.cc" />
    <ClCompile Include="logincommon.pb.cc" />
    <ClCompile Include="client.pb.cc" />
    <ClCompile Include="gatesvr.pb.cc" />
    <ClCompile Include="familysvr.pb.cc" />
    <ClCompile Include="inner.pb.cc" />
    <ClCompile Include="msg_cfg_ins.pb.cc" />
    <ClCompile Include="recorditem.pb.cc" />
  </ItemGroup>
  <ItemGroup>
    <ClInclude Include="chatcommon.pb.h" />
    <ClInclude Include="common.pb.h" />
    <ClInclude Include="fight3v3common.pb.h" />
    <ClInclude Include="fight5v5common.pb.h" />
    <ClInclude Include="friendcommon.pb.h" />
    <ClInclude Include="friendsvr.pb.h" />
    <ClInclude Include="friend.pb.h" />
    <ClInclude Include="innercommon.pb.h" />
    <ClInclude Include="innerfriend.pb.h" />
    <ClInclude Include="itemcommon.pb.h" />
    <ClInclude Include="map_cfg.pb.h" />
    <ClInclude Include="msg_module_ranker.pb.h" />
    <ClInclude Include="record.pb.h" />
    <ClInclude Include="recordfriend.pb.h" />
    <ClInclude Include="scenesvr.pb.h" />
    <ClInclude Include="teamsvr.pb.h" />
    <ClInclude Include="teamcommon.pb.h" />
    <ClInclude Include="innerteam.pb.h" />
    <ClInclude Include="errorcode.pb.h" />
    <ClInclude Include="innermatch.pb.h" />
    <ClInclude Include="match.pb.h" />
    <ClInclude Include="matchcommon.pb.h" />
    <ClInclude Include="matchsvr.pb.h" />
    <ClInclude Include="scene.pb.h" />
    <ClInclude Include="scenecommon.pb.h" />
    <ClInclude Include="innerserver.pb.h" />
    <ClInclude Include="login.pb.h" />
    <ClInclude Include="logincommon.pb.h" />
    <ClInclude Include="client.pb.h" />
    <ClInclude Include="gatesvr.pb.h" />
    <ClInclude Include="familysvr.pb.h" />
    <ClInclude Include="inner.pb.h" />
    <ClInclude Include="msg_cfg_ins.pb.h" />
    <ClInclude Include="recorditem.pb.h" />
  </ItemGroup>
  <ItemGroup>
    <Text Include="CMakeLists.txt" />
  </ItemGroup>
</Project>