<?xml version="1.0" encoding="utf-8"?>
<Project ToolsVersion="4.0" xmlns="http://schemas.microsoft.com/developer/msbuild/2003">
  <ItemGroup>
    <Filter Include="MainLogic">
      <UniqueIdentifier>{4FC737F1-C7A5-4376-A066-2A32D752A2FF}</UniqueIdentifier>
      <Extensions>cpp;c;cc;cxx;c++;cppm;ixx;def;odl;idl;hpj;bat;asm;asmx</Extensions>
    </Filter>
    <Filter Include="Netface">
      <UniqueIdentifier>{49d7adec-e55d-412e-8540-7e71ab7b2480}</UniqueIdentifier>
    </Filter>
  </ItemGroup>
  <ItemGroup>
    <ClCompile Include="FamilyServer.cpp">
      <Filter>MainLogic</Filter>
    </ClCompile>
    <ClCompile Include="ServerNetface.cpp">
      <Filter>Netface</Filter>
    </ClCompile>
    <ClCompile Include="FamilyLogic.cpp">
      <Filter>MainLogic</Filter>
    </ClCompile>
    <ClCompile Include="FamilyUser.cpp">
      <Filter>MainLogic</Filter>
    </ClCompile>
    <ClCompile Include="FamilyUserMgr.cpp">
      <Filter>MainLogic</Filter>
    </ClCompile>
    <ClCompile Include="SceneSession.cpp">
      <Filter>MainLogic</Filter>
    </ClCompile>
    <ClCompile Include="AuctionMenu.cpp">
      <Filter>MainLogic</Filter>
    </ClCompile>
    <ClCompile Include="AuctionMenuMgr.cpp">
      <Filter>MainLogic</Filter>
    </ClCompile>
    <ClCompile Include="AuctionFilter.cpp">
      <Filter>MainLogic</Filter>
    </ClCompile>
    <ClCompile Include="AuctionFilterMenu.cpp">
      <Filter>MainLogic</Filter>
    </ClCompile>
    <ClCompile Include="AuctionFilterSearch.cpp">
      <Filter>MainLogic</Filter>
    </ClCompile>
  </ItemGroup>
  <ItemGroup>
    <ClInclude Include="ServerNetface.h">
      <Filter>Netface</Filter>
    </ClInclude>
    <ClInclude Include="FamilyLogic.h">
      <Filter>MainLogic</Filter>
    </ClInclude>
    <ClInclude Include="SceneSession.h">
      <Filter>MainLogic</Filter>
    </ClInclude>
    <ClInclude Include="FamilyUser.h">
      <Filter>MainLogic</Filter>
    </ClInclude>
    <ClInclude Include="FamilyUserMgr.h">
      <Filter>MainLogic</Filter>
    </ClInclude>
    <ClInclude Include="AuctionMenu.h">
      <Filter>MainLogic</Filter>
    </ClInclude>
    <ClInclude Include="AuctionMenuMgr.h">
      <Filter>MainLogic</Filter>
    </ClInclude>
    <ClInclude Include="AuctionFilter.h">
      <Filter>MainLogic</Filter>
    </ClInclude>
    <ClInclude Include="AuctionFilterMenu.h">
      <Filter>MainLogic</Filter>
    </ClInclude>
    <ClInclude Include="AuctionFilterSearch.h">
      <Filter>MainLogic</Filter>
    </ClInclude>
  </ItemGroup>
</Project>