<?xml version="1.0" encoding="utf-8"?>
<Project ToolsVersion="17.0" xmlns="http://schemas.microsoft.com/developer/msbuild/2003">
  <ItemGroup>
    <CustomBuild Include="D:\xudunke\navigation\recastnavigation-main\recastnavigation\mybuild\CMakeFiles\b3843374fc6847ff1b1430559f218e5d\RUN_TESTS_force.rule">
      <Filter>CMake Rules</Filter>
    </CustomBuild>
  </ItemGroup>
  <ItemGroup>
    <Filter Include="CMake Rules">
      <UniqueIdentifier>{49D6DE0F-98A5-3783-B34C-5B874C4EADC5}</UniqueIdentifier>
    </Filter>
  </ItemGroup>
</Project>
